// !$*UTF8*$!
{
	archiveVersion = 1;
	classes = {
	};
	objectVersion = 46;
	objects = {

/* Begin PBXBuildFile section */
		B53DBEEF1B5D3AB600665CDA /* AppDelegate.swift in Sources */ = {isa = PBXBuildFile; fileRef = B53DBEEE1B5D3AB600665CDA /* AppDelegate.swift */; };
		B53DBEF21B5D3AB600665CDA /* SliderControl.xcdatamodeld in Sources */ = {isa = PBXBuildFile; fileRef = B53DBEF01B5D3AB600665CDA /* SliderControl.xcdatamodeld */; };
		B53DBEFC1B5D3AB600665CDA /* LaunchScreen.xib in Resources */ = {isa = PBXBuildFile; fileRef = B53DBEFA1B5D3AB600665CDA /* LaunchScreen.xib */; };
		B53DBF081B5D3AB600665CDA /* SliderControlTests.swift in Sources */ = {isa = PBXBuildFile; fileRef = B53DBF071B5D3AB600665CDA /* SliderControlTests.swift */; };
		B53DBF1C1B5D3AFA00665CDA /* AxisView.swift in Sources */ = {isa = PBXBuildFile; fileRef = B53DBF111B5D3AFA00665CDA /* AxisView.swift */; };
		B53DBF1D1B5D3AFA00665CDA /* BezierHandles.swift in Sources */ = {isa = PBXBuildFile; fileRef = B53DBF121B5D3AFA00665CDA /* BezierHandles.swift */; };
		B53DBF1F1B5D3AFA00665CDA /* CalcTime.swift in Sources */ = {isa = PBXBuildFile; fileRef = B53DBF141B5D3AFA00665CDA /* CalcTime.swift */; };
		B53DBF211B5D3AFA00665CDA /* CustomTextField.swift in Sources */ = {isa = PBXBuildFile; fileRef = B53DBF161B5D3AFA00665CDA /* CustomTextField.swift */; };
		B53DBF221B5D3AFA00665CDA /* DotPreview.swift in Sources */ = {isa = PBXBuildFile; fileRef = B53DBF171B5D3AFA00665CDA /* DotPreview.swift */; };
		B53DBF231B5D3AFA00665CDA /* Images.xcassets in Resources */ = {isa = PBXBuildFile; fileRef = B53DBF181B5D3AFA00665CDA /* Images.xcassets */; };
		B53DBF241B5D3AFA00665CDA /* RealtimeViewController.swift in Sources */ = {isa = PBXBuildFile; fileRef = B53DBF191B5D3AFA00665CDA /* RealtimeViewController.swift */; };
		B53DBF251B5D3AFA00665CDA /* TransitionManager.swift in Sources */ = {isa = PBXBuildFile; fileRef = B53DBF1A1B5D3AFA00665CDA /* TransitionManager.swift */; };
		B53DBF261B5D3AFA00665CDA /* ViewController.swift in Sources */ = {isa = PBXBuildFile; fileRef = B53DBF1B1B5D3AFA00665CDA /* ViewController.swift */; };
		B53DBF2C1B5D3BA500665CDA /* BTDiscovery.swift in Sources */ = {isa = PBXBuildFile; fileRef = B53DBF291B5D3BA500665CDA /* BTDiscovery.swift */; };
		B53DBF2D1B5D3BA500665CDA /* BTService.swift in Sources */ = {isa = PBXBuildFile; fileRef = B53DBF2A1B5D3BA500665CDA /* BTService.swift */; };
		B53DBF311B5D3CDE00665CDA /* TimeViewController.swift in Sources */ = {isa = PBXBuildFile; fileRef = B53DBF301B5D3CDE00665CDA /* TimeViewController.swift */; };
		B53DBF331B5D3D0C00665CDA /* Main.storyboard in Resources */ = {isa = PBXBuildFile; fileRef = B53DBF321B5D3D0C00665CDA /* Main.storyboard */; };
		B53DBF351B5D3F1000665CDA /* BezierViewController.swift in Sources */ = {isa = PBXBuildFile; fileRef = B53DBF341B5D3F1000665CDA /* BezierViewController.swift */; };
		B53DBF371B5E0AD400665CDA /* Timelapse.swift in Sources */ = {isa = PBXBuildFile; fileRef = B53DBF361B5E0AD400665CDA /* Timelapse.swift */; };
/* End PBXBuildFile section */

/* Begin PBXContainerItemProxy section */
		B53DBF021B5D3AB600665CDA /* PBXContainerItemProxy */ = {
			isa = PBXContainerItemProxy;
			containerPortal = B53DBEE11B5D3AB500665CDA /* Project object */;
			proxyType = 1;
			remoteGlobalIDString = B53DBEE81B5D3AB500665CDA;
			remoteInfo = SliderControl;
		};
/* End PBXContainerItemProxy section */

/* Begin PBXFileReference section */
		B53DBEE91B5D3AB500665CDA /* SliderControl.app */ = {isa = PBXFileReference; explicitFileType = wrapper.application; includeInIndex = 0; path = SliderControl.app; sourceTree = BUILT_PRODUCTS_DIR; };
		B53DBEED1B5D3AB600665CDA /* Info.plist */ = {isa = PBXFileReference; lastKnownFileType = text.plist.xml; path = Info.plist; sourceTree = "<group>"; };
		B53DBEEE1B5D3AB600665CDA /* AppDelegate.swift */ = {isa = PBXFileReference; lastKnownFileType = sourcecode.swift; path = AppDelegate.swift; sourceTree = "<group>"; };
		B53DBEF11B5D3AB600665CDA /* SliderControl.xcdatamodel */ = {isa = PBXFileReference; lastKnownFileType = wrapper.xcdatamodel; path = SliderControl.xcdatamodel; sourceTree = "<group>"; };
		B53DBEFB1B5D3AB600665CDA /* Base */ = {isa = PBXFileReference; lastKnownFileType = file.xib; name = Base; path = Base.lproj/LaunchScreen.xib; sourceTree = "<group>"; };
		B53DBF011B5D3AB600665CDA /* SliderControlTests.xctest */ = {isa = PBXFileReference; explicitFileType = wrapper.cfbundle; includeInIndex = 0; path = SliderControlTests.xctest; sourceTree = BUILT_PRODUCTS_DIR; };
		B53DBF061B5D3AB600665CDA /* Info.plist */ = {isa = PBXFileReference; lastKnownFileType = text.plist.xml; path = Info.plist; sourceTree = "<group>"; };
		B53DBF071B5D3AB600665CDA /* SliderControlTests.swift */ = {isa = PBXFileReference; lastKnownFileType = sourcecode.swift; path = SliderControlTests.swift; sourceTree = "<group>"; };
		B53DBF111B5D3AFA00665CDA /* AxisView.swift */ = {isa = PBXFileReference; fileEncoding = 4; lastKnownFileType = sourcecode.swift; name = AxisView.swift; path = ../AxisView.swift; sourceTree = "<group>"; };
		B53DBF121B5D3AFA00665CDA /* BezierHandles.swift */ = {isa = PBXFileReference; fileEncoding = 4; lastKnownFileType = sourcecode.swift; name = BezierHandles.swift; path = ../BezierHandles.swift; sourceTree = "<group>"; };
		B53DBF141B5D3AFA00665CDA /* CalcTime.swift */ = {isa = PBXFileReference; fileEncoding = 4; lastKnownFileType = sourcecode.swift; name = CalcTime.swift; path = ../CalcTime.swift; sourceTree = "<group>"; };
		B53DBF161B5D3AFA00665CDA /* CustomTextField.swift */ = {isa = PBXFileReference; fileEncoding = 4; lastKnownFileType = sourcecode.swift; name = CustomTextField.swift; path = ../CustomTextField.swift; sourceTree = "<group>"; };
		B53DBF171B5D3AFA00665CDA /* DotPreview.swift */ = {isa = PBXFileReference; fileEncoding = 4; lastKnownFileType = sourcecode.swift; name = DotPreview.swift; path = ../DotPreview.swift; sourceTree = "<group>"; };
		B53DBF181B5D3AFA00665CDA /* Images.xcassets */ = {isa = PBXFileReference; lastKnownFileType = folder.assetcatalog; name = Images.xcassets; path = ../Images.xcassets; sourceTree = "<group>"; };
		B53DBF191B5D3AFA00665CDA /* RealtimeViewController.swift */ = {isa = PBXFileReference; fileEncoding = 4; lastKnownFileType = sourcecode.swift; name = RealtimeViewController.swift; path = ../RealtimeViewController.swift; sourceTree = "<group>"; };
		B53DBF1A1B5D3AFA00665CDA /* TransitionManager.swift */ = {isa = PBXFileReference; fileEncoding = 4; lastKnownFileType = sourcecode.swift; name = TransitionManager.swift; path = ../TransitionManager.swift; sourceTree = "<group>"; };
		B53DBF1B1B5D3AFA00665CDA /* ViewController.swift */ = {isa = PBXFileReference; fileEncoding = 4; lastKnownFileType = sourcecode.swift; name = ViewController.swift; path = ../ViewController.swift; sourceTree = "<group>"; };
		B53DBF291B5D3BA500665CDA /* BTDiscovery.swift */ = {isa = PBXFileReference; fileEncoding = 4; lastKnownFileType = sourcecode.swift; path = BTDiscovery.swift; sourceTree = "<group>"; };
		B53DBF2A1B5D3BA500665CDA /* BTService.swift */ = {isa = PBXFileReference; fileEncoding = 4; lastKnownFileType = sourcecode.swift; path = BTService.swift; sourceTree = "<group>"; };
		B53DBF301B5D3CDE00665CDA /* TimeViewController.swift */ = {isa = PBXFileReference; fileEncoding = 4; lastKnownFileType = sourcecode.swift; path = TimeViewController.swift; sourceTree = "<group>"; };
		B53DBF321B5D3D0C00665CDA /* Main.storyboard */ = {isa = PBXFileReference; fileEncoding = 4; lastKnownFileType = file.storyboard; path = Main.storyboard; sourceTree = "<group>"; };
		B53DBF341B5D3F1000665CDA /* BezierViewController.swift */ = {isa = PBXFileReference; fileEncoding = 4; lastKnownFileType = sourcecode.swift; path = BezierViewController.swift; sourceTree = "<group>"; };
		B53DBF361B5E0AD400665CDA /* Timelapse.swift */ = {isa = PBXFileReference; fileEncoding = 4; lastKnownFileType = sourcecode.swift; path = Timelapse.swift; sourceTree = "<group>"; };
/* End PBXFileReference section */

/* Begin PBXFrameworksBuildPhase section */
		B53DBEE61B5D3AB500665CDA /* Frameworks */ = {
			isa = PBXFrameworksBuildPhase;
			buildActionMask = 2147483647;
			files = (
			);
			runOnlyForDeploymentPostprocessing = 0;
		};
		B53DBEFE1B5D3AB600665CDA /* Frameworks */ = {
			isa = PBXFrameworksBuildPhase;
			buildActionMask = 2147483647;
			files = (
			);
			runOnlyForDeploymentPostprocessing = 0;
		};
/* End PBXFrameworksBuildPhase section */

/* Begin PBXGroup section */
		B53DBEE01B5D3AB500665CDA = {
			isa = PBXGroup;
			children = (
				B53DBEEB1B5D3AB500665CDA /* SliderControl */,
				B53DBF041B5D3AB600665CDA /* SliderControlTests */,
				B53DBEEA1B5D3AB500665CDA /* Products */,
			);
			sourceTree = "<group>";
		};
		B53DBEEA1B5D3AB500665CDA /* Products */ = {
			isa = PBXGroup;
			children = (
				B53DBEE91B5D3AB500665CDA /* SliderControl.app */,
				B53DBF011B5D3AB600665CDA /* SliderControlTests.xctest */,
			);
			name = Products;
			sourceTree = "<group>";
		};
		B53DBEEB1B5D3AB500665CDA /* SliderControl */ = {
			isa = PBXGroup;
			children = (
				B53DBF391B5E0EA300665CDA /* Custom Classes */,
				B53DBF381B5E0E8A00665CDA /* ViewControllers */,
				B53DBF321B5D3D0C00665CDA /* Main.storyboard */,
				B53DBF3A1B5E0EBA00665CDA /* View Classes */,
				B53DBF181B5D3AFA00665CDA /* Images.xcassets */,
				B53DBF1B1B5D3AFA00665CDA /* ViewController.swift */,
				B53DBEEE1B5D3AB600665CDA /* AppDelegate.swift */,
				B53DBEFA1B5D3AB600665CDA /* LaunchScreen.xib */,
				B53DBEF01B5D3AB600665CDA /* SliderControl.xcdatamodeld */,
				B53DBEEC1B5D3AB600665CDA /* Supporting Files */,
			);
			path = SliderControl;
			sourceTree = "<group>";
		};
		B53DBEEC1B5D3AB600665CDA /* Supporting Files */ = {
			isa = PBXGroup;
			children = (
				B53DBEED1B5D3AB600665CDA /* Info.plist */,
			);
			name = "Supporting Files";
			sourceTree = "<group>";
		};
		B53DBF041B5D3AB600665CDA /* SliderControlTests */ = {
			isa = PBXGroup;
			children = (
				B53DBF071B5D3AB600665CDA /* SliderControlTests.swift */,
				B53DBF051B5D3AB600665CDA /* Supporting Files */,
			);
			path = SliderControlTests;
			sourceTree = "<group>";
		};
		B53DBF051B5D3AB600665CDA /* Supporting Files */ = {
			isa = PBXGroup;
			children = (
				B53DBF061B5D3AB600665CDA /* Info.plist */,
			);
			name = "Supporting Files";
			sourceTree = "<group>";
		};
		B53DBF381B5E0E8A00665CDA /* ViewControllers */ = {
			isa = PBXGroup;
			children = (
				B53DBF341B5D3F1000665CDA /* BezierViewController.swift */,
				B53DBF301B5D3CDE00665CDA /* TimeViewController.swift */,
				B53DBF191B5D3AFA00665CDA /* RealtimeViewController.swift */,
			);
			name = ViewControllers;
			sourceTree = "<group>";
		};
		B53DBF391B5E0EA300665CDA /* Custom Classes */ = {
			isa = PBXGroup;
			children = (
				B53DBF361B5E0AD400665CDA /* Timelapse.swift */,
				B53DBF291B5D3BA500665CDA /* BTDiscovery.swift */,
				B53DBF2A1B5D3BA500665CDA /* BTService.swift */,
				B53DBF141B5D3AFA00665CDA /* CalcTime.swift */,
			);
			name = "Custom Classes";
			sourceTree = "<group>";
		};
		B53DBF3A1B5E0EBA00665CDA /* View Classes */ = {
			isa = PBXGroup;
			children = (
				B53DBF1A1B5D3AFA00665CDA /* TransitionManager.swift */,
				B53DBF111B5D3AFA00665CDA /* AxisView.swift */,
				B53DBF121B5D3AFA00665CDA /* BezierHandles.swift */,
				B53DBF161B5D3AFA00665CDA /* CustomTextField.swift */,
				B53DBF171B5D3AFA00665CDA /* DotPreview.swift */,
			);
			name = "View Classes";
			sourceTree = "<group>";
		};
/* End PBXGroup section */

/* Begin PBXNativeTarget section */
		B53DBEE81B5D3AB500665CDA /* SliderControl */ = {
			isa = PBXNativeTarget;
			buildConfigurationList = B53DBF0B1B5D3AB600665CDA /* Build configuration list for PBXNativeTarget "SliderControl" */;
			buildPhases = (
				B53DBEE51B5D3AB500665CDA /* Sources */,
				B53DBEE61B5D3AB500665CDA /* Frameworks */,
				B53DBEE71B5D3AB500665CDA /* Resources */,
			);
			buildRules = (
			);
			dependencies = (
			);
			name = SliderControl;
			productName = SliderControl;
			productReference = B53DBEE91B5D3AB500665CDA /* SliderControl.app */;
			productType = "com.apple.product-type.application";
		};
		B53DBF001B5D3AB600665CDA /* SliderControlTests */ = {
			isa = PBXNativeTarget;
			buildConfigurationList = B53DBF0E1B5D3AB600665CDA /* Build configuration list for PBXNativeTarget "SliderControlTests" */;
			buildPhases = (
				B53DBEFD1B5D3AB600665CDA /* Sources */,
				B53DBEFE1B5D3AB600665CDA /* Frameworks */,
				B53DBEFF1B5D3AB600665CDA /* Resources */,
			);
			buildRules = (
			);
			dependencies = (
				B53DBF031B5D3AB600665CDA /* PBXTargetDependency */,
			);
			name = SliderControlTests;
			productName = SliderControlTests;
			productReference = B53DBF011B5D3AB600665CDA /* SliderControlTests.xctest */;
			productType = "com.apple.product-type.bundle.unit-test";
		};
/* End PBXNativeTarget section */

/* Begin PBXProject section */
		B53DBEE11B5D3AB500665CDA /* Project object */ = {
			isa = PBXProject;
			attributes = {
				LastUpgradeCheck = 0640;
				ORGANIZATIONNAME = "Benjamin Rohel";
				TargetAttributes = {
					B53DBEE81B5D3AB500665CDA = {
						CreatedOnToolsVersion = 6.4;
					};
					B53DBF001B5D3AB600665CDA = {
						CreatedOnToolsVersion = 6.4;
						TestTargetID = B53DBEE81B5D3AB500665CDA;
					};
				};
			};
			buildConfigurationList = B53DBEE41B5D3AB500665CDA /* Build configuration list for PBXProject "SliderControl" */;
			compatibilityVersion = "Xcode 3.2";
			developmentRegion = English;
			hasScannedForEncodings = 0;
			knownRegions = (
				en,
				Base,
			);
			mainGroup = B53DBEE01B5D3AB500665CDA;
			productRefGroup = B53DBEEA1B5D3AB500665CDA /* Products */;
			projectDirPath = "";
			projectRoot = "";
			targets = (
				B53DBEE81B5D3AB500665CDA /* SliderControl */,
				B53DBF001B5D3AB600665CDA /* SliderControlTests */,
			);
		};
/* End PBXProject section */

/* Begin PBXResourcesBuildPhase section */
		B53DBEE71B5D3AB500665CDA /* Resources */ = {
			isa = PBXResourcesBuildPhase;
			buildActionMask = 2147483647;
			files = (
				B53DBF231B5D3AFA00665CDA /* Images.xcassets in Resources */,
				B53DBEFC1B5D3AB600665CDA /* LaunchScreen.xib in Resources */,
				B53DBF331B5D3D0C00665CDA /* Main.storyboard in Resources */,
			);
			runOnlyForDeploymentPostprocessing = 0;
		};
		B53DBEFF1B5D3AB600665CDA /* Resources */ = {
			isa = PBXResourcesBuildPhase;
			buildActionMask = 2147483647;
			files = (
			);
			runOnlyForDeploymentPostprocessing = 0;
		};
/* End PBXResourcesBuildPhase section */

/* Begin PBXSourcesBuildPhase section */
		B53DBEE51B5D3AB500665CDA /* Sources */ = {
			isa = PBXSourcesBuildPhase;
			buildActionMask = 2147483647;
			files = (
				B53DBF1C1B5D3AFA00665CDA /* AxisView.swift in Sources */,
				B53DBF311B5D3CDE00665CDA /* TimeViewController.swift in Sources */,
				B53DBF1D1B5D3AFA00665CDA /* BezierHandles.swift in Sources */,
				B53DBF1F1B5D3AFA00665CDA /* CalcTime.swift in Sources */,
				B53DBF221B5D3AFA00665CDA /* DotPreview.swift in Sources */,
				B53DBF351B5D3F1000665CDA /* BezierViewController.swift in Sources */,
				B53DBF241B5D3AFA00665CDA /* RealtimeViewController.swift in Sources */,
				B53DBF261B5D3AFA00665CDA /* ViewController.swift in Sources */,
				B53DBF211B5D3AFA00665CDA /* CustomTextField.swift in Sources */,
				B53DBEF21B5D3AB600665CDA /* SliderControl.xcdatamodeld in Sources */,
				B53DBEEF1B5D3AB600665CDA /* AppDelegate.swift in Sources */,
				B53DBF2C1B5D3BA500665CDA /* BTDiscovery.swift in Sources */,
				B53DBF2D1B5D3BA500665CDA /* BTService.swift in Sources */,
				B53DBF371B5E0AD400665CDA /* Timelapse.swift in Sources */,
				B53DBF251B5D3AFA00665CDA /* TransitionManager.swift in Sources */,
			);
			runOnlyForDeploymentPostprocessing = 0;
		};
		B53DBEFD1B5D3AB600665CDA /* Sources */ = {
			isa = PBXSourcesBuildPhase;
			buildActionMask = 2147483647;
			files = (
				B53DBF081B5D3AB600665CDA /* SliderControlTests.swift in Sources */,
			);
			runOnlyForDeploymentPostprocessing = 0;
		};
/* End PBXSourcesBuildPhase section */

/* Begin PBXTargetDependency section */
		B53DBF031B5D3AB600665CDA /* PBXTargetDependency */ = {
			isa = PBXTargetDependency;
			target = B53DBEE81B5D3AB500665CDA /* SliderControl */;
			targetProxy = B53DBF021B5D3AB600665CDA /* PBXContainerItemProxy */;
		};
/* End PBXTargetDependency section */

/* Begin PBXVariantGroup section */
		B53DBEFA1B5D3AB600665CDA /* LaunchScreen.xib */ = {
			isa = PBXVariantGroup;
			children = (
				B53DBEFB1B5D3AB600665CDA /* Base */,
			);
			name = LaunchScreen.xib;
			sourceTree = "<group>";
		};
/* End PBXVariantGroup section */

/* Begin XCBuildConfiguration section */
		B53DBF091B5D3AB600665CDA /* Debug */ = {
			isa = XCBuildConfiguration;
			buildSettings = {
				ALWAYS_SEARCH_USER_PATHS = NO;
				CLANG_CXX_LANGUAGE_STANDARD = "gnu++0x";
				CLANG_CXX_LIBRARY = "libc++";
				CLANG_ENABLE_MODULES = YES;
				CLANG_ENABLE_OBJC_ARC = YES;
				CLANG_WARN_BOOL_CONVERSION = YES;
				CLANG_WARN_CONSTANT_CONVERSION = YES;
				CLANG_WARN_DIRECT_OBJC_ISA_USAGE = YES_ERROR;
				CLANG_WARN_EMPTY_BODY = YES;
				CLANG_WARN_ENUM_CONVERSION = YES;
				CLANG_WARN_INT_CONVERSION = YES;
				CLANG_WARN_OBJC_ROOT_CLASS = YES_ERROR;
				CLANG_WARN_UNREACHABLE_CODE = YES;
				CLANG_WARN__DUPLICATE_METHOD_MATCH = YES;
				"CODE_SIGN_IDENTITY[sdk=iphoneos*]" = "iPhone Developer";
				COPY_PHASE_STRIP = NO;
				DEBUG_INFORMATION_FORMAT = "dwarf-with-dsym";
				ENABLE_STRICT_OBJC_MSGSEND = YES;
				GCC_C_LANGUAGE_STANDARD = gnu99;
				GCC_DYNAMIC_NO_PIC = NO;
				GCC_NO_COMMON_BLOCKS = YES;
				GCC_OPTIMIZATION_LEVEL = 0;
				GCC_PREPROCESSOR_DEFINITIONS = (
					"DEBUG=1",
					"$(inherited)",
				);
				GCC_SYMBOLS_PRIVATE_EXTERN = NO;
				GCC_WARN_64_TO_32_BIT_CONVERSION = YES;
				GCC_WARN_ABOUT_RETURN_TYPE = YES_ERROR;
				GCC_WARN_UNDECLARED_SELECTOR = YES;
				GCC_WARN_UNINITIALIZED_AUTOS = YES_AGGRESSIVE;
				GCC_WARN_UNUSED_FUNCTION = YES;
				GCC_WARN_UNUSED_VARIABLE = YES;
				IPHONEOS_DEPLOYMENT_TARGET = 8.4;
				MTL_ENABLE_DEBUG_INFO = YES;
				ONLY_ACTIVE_ARCH = YES;
				SDKROOT = iphoneos;
				SWIFT_OPTIMIZATION_LEVEL = "-Onone";
			};
			name = Debug;
		};
		B53DBF0A1B5D3AB600665CDA /* Release */ = {
			isa = XCBuildConfiguration;
			buildSettings = {
				ALWAYS_SEARCH_USER_PATHS = NO;
				CLANG_CXX_LANGUAGE_STANDARD = "gnu++0x";
				CLANG_CXX_LIBRARY = "libc++";
				CLANG_ENABLE_MODULES = YES;
				CLANG_ENABLE_OBJC_ARC = YES;
				CLANG_WARN_BOOL_CONVERSION = YES;
				CLANG_WARN_CONSTANT_CONVERSION = YES;
				CLANG_WARN_DIRECT_OBJC_ISA_USAGE = YES_ERROR;
				CLANG_WARN_EMPTY_BODY = YES;
				CLANG_WARN_ENUM_CONVERSION = YES;
				CLANG_WARN_INT_CONVERSION = YES;
				CLANG_WARN_OBJC_ROOT_CLASS = YES_ERROR;
				CLANG_WARN_UNREACHABLE_CODE = YES;
				CLANG_WARN__DUPLICATE_METHOD_MATCH = YES;
				"CODE_SIGN_IDENTITY[sdk=iphoneos*]" = "iPhone Developer";
				COPY_PHASE_STRIP = NO;
				DEBUG_INFORMATION_FORMAT = "dwarf-with-dsym";
				ENABLE_NS_ASSERTIONS = NO;
				ENABLE_STRICT_OBJC_MSGSEND = YES;
				GCC_C_LANGUAGE_STANDARD = gnu99;
				GCC_NO_COMMON_BLOCKS = YES;
				GCC_WARN_64_TO_32_BIT_CONVERSION = YES;
				GCC_WARN_ABOUT_RETURN_TYPE = YES_ERROR;
				GCC_WARN_UNDECLARED_SELECTOR = YES;
				GCC_WARN_UNINITIALIZED_AUTOS = YES_AGGRESSIVE;
				GCC_WARN_UNUSED_FUNCTION = YES;
				GCC_WARN_UNUSED_VARIABLE = YES;
				IPHONEOS_DEPLOYMENT_TARGET = 8.4;
				MTL_ENABLE_DEBUG_INFO = NO;
				SDKROOT = iphoneos;
				VALIDATE_PRODUCT = YES;
			};
			name = Release;
		};
		B53DBF0C1B5D3AB600665CDA /* Debug */ = {
			isa = XCBuildConfiguration;
			buildSettings = {
				ASSETCATALOG_COMPILER_APPICON_NAME = AppIcon;
				INFOPLIST_FILE = SliderControl/Info.plist;
				LD_RUNPATH_SEARCH_PATHS = "$(inherited) @executable_path/Frameworks";
				PRODUCT_NAME = "$(TARGET_NAME)";
			};
			name = Debug;
		};
		B53DBF0D1B5D3AB600665CDA /* Release */ = {
			isa = XCBuildConfiguration;
			buildSettings = {
				ASSETCATALOG_COMPILER_APPICON_NAME = AppIcon;
				INFOPLIST_FILE = SliderControl/Info.plist;
				LD_RUNPATH_SEARCH_PATHS = "$(inherited) @executable_path/Frameworks";
				PRODUCT_NAME = "$(TARGET_NAME)";
			};
			name = Release;
		};
		B53DBF0F1B5D3AB600665CDA /* Debug */ = {
			isa = XCBuildConfiguration;
			buildSettings = {
				BUNDLE_LOADER = "$(TEST_HOST)";
				FRAMEWORK_SEARCH_PATHS = (
					"$(SDKROOT)/Developer/Library/Frameworks",
					"$(inherited)",
				);
				GCC_PREPROCESSOR_DEFINITIONS = (
					"DEBUG=1",
					"$(inherited)",
				);
				INFOPLIST_FILE = SliderControlTests/Info.plist;
				LD_RUNPATH_SEARCH_PATHS = "$(inherited) @executable_path/Frameworks @loader_path/Frameworks";
				PRODUCT_NAME = "$(TARGET_NAME)";
				TEST_HOST = "$(BUILT_PRODUCTS_DIR)/SliderControl.app/SliderControl";
			};
			name = Debug;
		};
		B53DBF101B5D3AB600665CDA /* Release */ = {
			isa = XCBuildConfiguration;
			buildSettings = {
				BUNDLE_LOADER = "$(TEST_HOST)";
				FRAMEWORK_SEARCH_PATHS = (
					"$(SDKROOT)/Developer/Library/Frameworks",
					"$(inherited)",
				);
				INFOPLIST_FILE = SliderControlTests/Info.plist;
				LD_RUNPATH_SEARCH_PATHS = "$(inherited) @executable_path/Frameworks @loader_path/Frameworks";
				PRODUCT_NAME = "$(TARGET_NAME)";
				TEST_HOST = "$(BUILT_PRODUCTS_DIR)/SliderControl.app/SliderControl";
			};
			name = Release;
		};
/* End XCBuildConfiguration section */

/* Begin XCConfigurationList section */
		B53DBEE41B5D3AB500665CDA /* Build configuration list for PBXProject "SliderControl" */ = {
			isa = XCConfigurationList;
			buildConfigurations = (
				B53DBF091B5D3AB600665CDA /* Debug */,
				B53DBF0A1B5D3AB600665CDA /* Release */,
			);
			defaultConfigurationIsVisible = 0;
			defaultConfigurationName = Release;
		};
		B53DBF0B1B5D3AB600665CDA /* Build configuration list for PBXNativeTarget "SliderControl" */ = {
			isa = XCConfigurationList;
			buildConfigurations = (
				B53DBF0C1B5D3AB600665CDA /* Debug */,
				B53DBF0D1B5D3AB600665CDA /* Release */,
			);
			defaultConfigurationIsVisible = 0;
		};
		B53DBF0E1B5D3AB600665CDA /* Build configuration list for PBXNativeTarget "SliderControlTests" */ = {
			isa = XCConfigurationList;
			buildConfigurations = (
				B53DBF0F1B5D3AB600665CDA /* Debug */,
				B53DBF101B5D3AB600665CDA /* Release */,
			);
			defaultConfigurationIsVisible = 0;
		};
/* End XCConfigurationList section */

/* Begin XCVersionGroup section */
		B53DBEF01B5D3AB600665CDA /* SliderControl.xcdatamodeld */ = {
			isa = XCVersionGroup;
			children = (
				B53DBEF11B5D3AB600665CDA /* SliderControl.xcdatamodel */,
			);
			currentVersion = B53DBEF11B5D3AB600665CDA /* SliderControl.xcdatamodel */;
			path = SliderControl.xcdatamodeld;
			sourceTree = "<group>";
			versionGroupType = wrapper.xcdatamodel;
		};
/* End XCVersionGroup section */
	};
	rootObject = B53DBEE11B5D3AB500665CDA /* Project object */;
}
